
Microsoft Visual Studio Solution File, Format Version 12.00
# Visual Studio 15
VisualStudioVersion = 15.0.26124.0
MinimumVisualStudioVersion = 15.0.26124.0
Project("{FAE04EC0-301F-11D3-BF4B-00C04F79EFBC}") = "Observer", "Observer\Observer.csproj", "{D220BD6D-7315-41B3-96D2-0CF093705280}"
EndProject
Project("{FAE04EC0-301F-11D3-BF4B-00C04F79EFBC}") = "Strategy", "Strategy\Strategy.csproj", "{39836838-9544-40FB-B64B-72D90B7204A8}"
EndProject
Project("{FAE04EC0-301F-11D3-BF4B-00C04F79EFBC}") = "AbstractFactory", "AbstractFactory\AbstractFactory.csproj", "{0598833E-3140-46B1-BAFB-8E1B2D602597}"
EndProject
Project("{FAE04EC0-301F-11D3-BF4B-00C04F79EFBC}") = "SimpleFactory", "SimpleFactory\SimpleFactory.csproj", "{A6521B39-B382-44D1-9BB3-9B3158F399D7}"
EndProject
Project("{FAE04EC0-301F-11D3-BF4B-00C04F79EFBC}") = "FactoryMethod", "FactoryMethod\FactoryMethod.csproj", "{9F3A3AD0-4982-46AD-A1F8-2657FC62C4F3}"
EndProject
Project("{FAE04EC0-301F-11D3-BF4B-00C04F79EFBC}") = "Command", "Command\Command.csproj", "{FF09E837-ADDD-4272-A068-81011163FB8B}"
EndProject
Global
	GlobalSection(SolutionConfigurationPlatforms) = preSolution
		Debug|Any CPU = Debug|Any CPU
		Debug|x64 = Debug|x64
		Debug|x86 = Debug|x86
		Release|Any CPU = Release|Any CPU
		Release|x64 = Release|x64
		Release|x86 = Release|x86
	EndGlobalSection
	GlobalSection(SolutionProperties) = preSolution
		HideSolutionNode = FALSE
	EndGlobalSection
	GlobalSection(ProjectConfigurationPlatforms) = postSolution
		{D220BD6D-7315-41B3-96D2-0CF093705280}.Debug|Any CPU.ActiveCfg = Debug|Any CPU
		{D220BD6D-7315-41B3-96D2-0CF093705280}.Debug|Any CPU.Build.0 = Debug|Any CPU
		{D220BD6D-7315-41B3-96D2-0CF093705280}.Debug|x64.ActiveCfg = Debug|Any CPU
		{D220BD6D-7315-41B3-96D2-0CF093705280}.Debug|x64.Build.0 = Debug|Any CPU
		{D220BD6D-7315-41B3-96D2-0CF093705280}.Debug|x86.ActiveCfg = Debug|Any CPU
		{D220BD6D-7315-41B3-96D2-0CF093705280}.Debug|x86.Build.0 = Debug|Any CPU
		{D220BD6D-7315-41B3-96D2-0CF093705280}.Release|Any CPU.ActiveCfg = Release|Any CPU
		{D220BD6D-7315-41B3-96D2-0CF093705280}.Release|Any CPU.Build.0 = Release|Any CPU
		{D220BD6D-7315-41B3-96D2-0CF093705280}.Release|x64.ActiveCfg = Release|Any CPU
		{D220BD6D-7315-41B3-96D2-0CF093705280}.Release|x64.Build.0 = Release|Any CPU
		{D220BD6D-7315-41B3-96D2-0CF093705280}.Release|x86.ActiveCfg = Release|Any CPU
		{D220BD6D-7315-41B3-96D2-0CF093705280}.Release|x86.Build.0 = Release|Any CPU
		{39836838-9544-40FB-B64B-72D90B7204A8}.Debug|Any CPU.ActiveCfg = Debug|Any CPU
		{39836838-9544-40FB-B64B-72D90B7204A8}.Debug|Any CPU.Build.0 = Debug|Any CPU
		{39836838-9544-40FB-B64B-72D90B7204A8}.Debug|x64.ActiveCfg = Debug|Any CPU
		{39836838-9544-40FB-B64B-72D90B7204A8}.Debug|x64.Build.0 = Debug|Any CPU
		{39836838-9544-40FB-B64B-72D90B7204A8}.Debug|x86.ActiveCfg = Debug|Any CPU
		{39836838-9544-40FB-B64B-72D90B7204A8}.Debug|x86.Build.0 = Debug|Any CPU
		{39836838-9544-40FB-B64B-72D90B7204A8}.Release|Any CPU.ActiveCfg = Release|Any CPU
		{39836838-9544-40FB-B64B-72D90B7204A8}.Release|Any CPU.Build.0 = Release|Any CPU
		{39836838-9544-40FB-B64B-72D90B7204A8}.Release|x64.ActiveCfg = Release|Any CPU
		{39836838-9544-40FB-B64B-72D90B7204A8}.Release|x64.Build.0 = Release|Any CPU
		{39836838-9544-40FB-B64B-72D90B7204A8}.Release|x86.ActiveCfg = Release|Any CPU
		{39836838-9544-40FB-B64B-72D90B7204A8}.Release|x86.Build.0 = Release|Any CPU
		{0598833E-3140-46B1-BAFB-8E1B2D602597}.Debug|Any CPU.ActiveCfg = Debug|Any CPU
		{0598833E-3140-46B1-BAFB-8E1B2D602597}.Debug|Any CPU.Build.0 = Debug|Any CPU
		{0598833E-3140-46B1-BAFB-8E1B2D602597}.Debug|x64.ActiveCfg = Debug|Any CPU
		{0598833E-3140-46B1-BAFB-8E1B2D602597}.Debug|x64.Build.0 = Debug|Any CPU
		{0598833E-3140-46B1-BAFB-8E1B2D602597}.Debug|x86.ActiveCfg = Debug|Any CPU
		{0598833E-3140-46B1-BAFB-8E1B2D602597}.Debug|x86.Build.0 = Debug|Any CPU
		{0598833E-3140-46B1-BAFB-8E1B2D602597}.Release|Any CPU.ActiveCfg = Release|Any CPU
		{0598833E-3140-46B1-BAFB-8E1B2D602597}.Release|Any CPU.Build.0 = Release|Any CPU
		{0598833E-3140-46B1-BAFB-8E1B2D602597}.Release|x64.ActiveCfg = Release|Any CPU
		{0598833E-3140-46B1-BAFB-8E1B2D602597}.Release|x64.Build.0 = Release|Any CPU
		{0598833E-3140-46B1-BAFB-8E1B2D602597}.Release|x86.ActiveCfg = Release|Any CPU
		{0598833E-3140-46B1-BAFB-8E1B2D602597}.Release|x86.Build.0 = Release|Any CPU
		{A6521B39-B382-44D1-9BB3-9B3158F399D7}.Debug|Any CPU.ActiveCfg = Debug|Any CPU
		{A6521B39-B382-44D1-9BB3-9B3158F399D7}.Debug|Any CPU.Build.0 = Debug|Any CPU
		{A6521B39-B382-44D1-9BB3-9B3158F399D7}.Debug|x64.ActiveCfg = Debug|Any CPU
		{A6521B39-B382-44D1-9BB3-9B3158F399D7}.Debug|x64.Build.0 = Debug|Any CPU
		{A6521B39-B382-44D1-9BB3-9B3158F399D7}.Debug|x86.ActiveCfg = Debug|Any CPU
		{A6521B39-B382-44D1-9BB3-9B3158F399D7}.Debug|x86.Build.0 = Debug|Any CPU
		{A6521B39-B382-44D1-9BB3-9B3158F399D7}.Release|Any CPU.ActiveCfg = Release|Any CPU
		{A6521B39-B382-44D1-9BB3-9B3158F399D7}.Release|Any CPU.Build.0 = Release|Any CPU
		{A6521B39-B382-44D1-9BB3-9B3158F399D7}.Release|x64.ActiveCfg = Release|Any CPU
		{A6521B39-B382-44D1-9BB3-9B3158F399D7}.Release|x64.Build.0 = Release|Any CPU
		{A6521B39-B382-44D1-9BB3-9B3158F399D7}.Release|x86.ActiveCfg = Release|Any CPU
		{A6521B39-B382-44D1-9BB3-9B3158F399D7}.Release|x86.Build.0 = Release|Any CPU
		{9F3A3AD0-4982-46AD-A1F8-2657FC62C4F3}.Debug|Any CPU.ActiveCfg = Debug|Any CPU
		{9F3A3AD0-4982-46AD-A1F8-2657FC62C4F3}.Debug|Any CPU.Build.0 = Debug|Any CPU
		{9F3A3AD0-4982-46AD-A1F8-2657FC62C4F3}.Debug|x64.ActiveCfg = Debug|Any CPU
		{9F3A3AD0-4982-46AD-A1F8-2657FC62C4F3}.Debug|x64.Build.0 = Debug|Any CPU
		{9F3A3AD0-4982-46AD-A1F8-2657FC62C4F3}.Debug|x86.ActiveCfg = Debug|Any CPU
		{9F3A3AD0-4982-46AD-A1F8-2657FC62C4F3}.Debug|x86.Build.0 = Debug|Any CPU
		{9F3A3AD0-4982-46AD-A1F8-2657FC62C4F3}.Release|Any CPU.ActiveCfg = Release|Any CPU
		{9F3A3AD0-4982-46AD-A1F8-2657FC62C4F3}.Release|Any CPU.Build.0 = Release|Any CPU
		{9F3A3AD0-4982-46AD-A1F8-2657FC62C4F3}.Release|x64.ActiveCfg = Release|Any CPU
		{9F3A3AD0-4982-46AD-A1F8-2657FC62C4F3}.Release|x64.Build.0 = Release|Any CPU
		{9F3A3AD0-4982-46AD-A1F8-2657FC62C4F3}.Release|x86.ActiveCfg = Release|Any CPU
		{9F3A3AD0-4982-46AD-A1F8-2657FC62C4F3}.Release|x86.Build.0 = Release|Any CPU
		{FF09E837-ADDD-4272-A068-81011163FB8B}.Debug|Any CPU.ActiveCfg = Debug|Any CPU
		{FF09E837-ADDD-4272-A068-81011163FB8B}.Debug|Any CPU.Build.0 = Debug|Any CPU
		{FF09E837-ADDD-4272-A068-81011163FB8B}.Debug|x64.ActiveCfg = Debug|Any CPU
		{FF09E837-ADDD-4272-A068-81011163FB8B}.Debug|x64.Build.0 = Debug|Any CPU
		{FF09E837-ADDD-4272-A068-81011163FB8B}.Debug|x86.ActiveCfg = Debug|Any CPU
		{FF09E837-ADDD-4272-A068-81011163FB8B}.Debug|x86.Build.0 = Debug|Any CPU
		{FF09E837-ADDD-4272-A068-81011163FB8B}.Release|Any CPU.ActiveCfg = Release|Any CPU
		{FF09E837-ADDD-4272-A068-81011163FB8B}.Release|Any CPU.Build.0 = Release|Any CPU
		{FF09E837-ADDD-4272-A068-81011163FB8B}.Release|x64.ActiveCfg = Release|Any CPU
		{FF09E837-ADDD-4272-A068-81011163FB8B}.Release|x64.Build.0 = Release|Any CPU
		{FF09E837-ADDD-4272-A068-81011163FB8B}.Release|x86.ActiveCfg = Release|Any CPU
		{FF09E837-ADDD-4272-A068-81011163FB8B}.Release|x86.Build.0 = Release|Any CPU
	EndGlobalSection
EndGlobal
